
Microsoft Visual Studio Solution File, Format Version 12.00
# Visual Studio 15
VisualStudioVersion = 15.0.28307.136
MinimumVisualStudioVersion = 10.0.40219.1
Project("{8BC9CEB8-8B4A-11D0-8D11-00A0C91BC942}") = "DuiLib", "DuiLib\DuiLib.vcxproj", "{E106ACD7-4E53-4AEE-942B-D0DD426DB34E}"
EndProject
Project("{2150E333-8FDC-42A3-9474-1A3956D46DE8}") = "Duilib", "Duilib", "{51255673-76E8-4117-8C44-CB1D68CB9F28}"
EndProject
Project("{8BC9CEB8-8B4A-11D0-8D11-00A0C91BC942}") = "DuiViewer", "DuiViewer\DuiViewer.vcxproj", "{53164B93-94C9-47C5-8FDC-1EBE76E04888}"
	ProjectSection(ProjectDependencies) = postProject
		{E106ACD7-4E53-4AEE-942B-D0DD426DB34E} = {E106ACD7-4E53-4AEE-942B-D0DD426DB34E}
	EndProjectSection
EndProject
Global
	GlobalSection(SolutionConfigurationPlatforms) = preSolution
		Debug|x64 = Debug|x64
		Debug|x86 = Debug|x86
		Release|x64 = Release|x64
		Release|x86 = Release|x86
		UnicodeDebug|x64 = UnicodeDebug|x64
		UnicodeDebug|x86 = UnicodeDebug|x86
		UnicodeRelease|x64 = UnicodeRelease|x64
		UnicodeRelease|x86 = UnicodeRelease|x86
	EndGlobalSection
	GlobalSection(ProjectConfigurationPlatforms) = postSolution
		{E106ACD7-4E53-4AEE-942B-D0DD426DB34E}.Debug|x64.ActiveCfg = Debug|Win32
		{E106ACD7-4E53-4AEE-942B-D0DD426DB34E}.Debug|x86.ActiveCfg = Debug|Win32
		{E106ACD7-4E53-4AEE-942B-D0DD426DB34E}.Debug|x86.Build.0 = Debug|Win32
		{E106ACD7-4E53-4AEE-942B-D0DD426DB34E}.Release|x64.ActiveCfg = Release|Win32
		{E106ACD7-4E53-4AEE-942B-D0DD426DB34E}.Release|x86.ActiveCfg = Release|Win32
		{E106ACD7-4E53-4AEE-942B-D0DD426DB34E}.Release|x86.Build.0 = Release|Win32
		{E106ACD7-4E53-4AEE-942B-D0DD426DB34E}.UnicodeDebug|x64.ActiveCfg = Debug|x64
		{E106ACD7-4E53-4AEE-942B-D0DD426DB34E}.UnicodeDebug|x64.Build.0 = Debug|x64
		{E106ACD7-4E53-4AEE-942B-D0DD426DB34E}.UnicodeDebug|x86.ActiveCfg = Debug|Win32
		{E106ACD7-4E53-4AEE-942B-D0DD426DB34E}.UnicodeDebug|x86.Build.0 = Debug|Win32
		{E106ACD7-4E53-4AEE-942B-D0DD426DB34E}.UnicodeRelease|x64.ActiveCfg = Release|x64
		{E106ACD7-4E53-4AEE-942B-D0DD426DB34E}.UnicodeRelease|x64.Build.0 = Release|x64
		{E106ACD7-4E53-4AEE-942B-D0DD426DB34E}.UnicodeRelease|x86.ActiveCfg = Release|Win32
		{E106ACD7-4E53-4AEE-942B-D0DD426DB34E}.UnicodeRelease|x86.Build.0 = Release|Win32
		{53164B93-94C9-47C5-8FDC-1EBE76E04888}.Debug|x64.ActiveCfg = Debug|x64
		{53164B93-94C9-47C5-8FDC-1EBE76E04888}.Debug|x64.Build.0 = Debug|x64
		{53164B93-94C9-47C5-8FDC-1EBE76E04888}.Debug|x86.ActiveCfg = Debug|Win32
		{53164B93-94C9-47C5-8FDC-1EBE76E04888}.Debug|x86.Build.0 = Debug|Win32
		{53164B93-94C9-47C5-8FDC-1EBE76E04888}.Release|x64.ActiveCfg = Release|x64
		{53164B93-94C9-47C5-8FDC-1EBE76E04888}.Release|x64.Build.0 = Release|x64
		{53164B93-94C9-47C5-8FDC-1EBE76E04888}.Release|x86.ActiveCfg = Release|Win32
		{53164B93-94C9-47C5-8FDC-1EBE76E04888}.Release|x86.Build.0 = Release|Win32
		{53164B93-94C9-47C5-8FDC-1EBE76E04888}.UnicodeDebug|x64.ActiveCfg = Debug|x64
		{53164B93-94C9-47C5-8FDC-1EBE76E04888}.UnicodeDebug|x64.Build.0 = Debug|x64
		{53164B93-94C9-47C5-8FDC-1EBE76E04888}.UnicodeDebug|x86.ActiveCfg = Debug|Win32
		{53164B93-94C9-47C5-8FDC-1EBE76E04888}.UnicodeDebug|x86.Build.0 = Debug|Win32
		{53164B93-94C9-47C5-8FDC-1EBE76E04888}.UnicodeRelease|x64.ActiveCfg = Release|x64
		{53164B93-94C9-47C5-8FDC-1EBE76E04888}.UnicodeRelease|x64.Build.0 = Release|x64
		{53164B93-94C9-47C5-8FDC-1EBE76E04888}.UnicodeRelease|x86.ActiveCfg = Release|Win32
		{53164B93-94C9-47C5-8FDC-1EBE76E04888}.UnicodeRelease|x86.Build.0 = Release|Win32
	EndGlobalSection
	GlobalSection(SolutionProperties) = preSolution
		HideSolutionNode = FALSE
	EndGlobalSection
	GlobalSection(NestedProjects) = preSolution
		{E106ACD7-4E53-4AEE-942B-D0DD426DB34E} = {51255673-76E8-4117-8C44-CB1D68CB9F28}
	EndGlobalSection
	GlobalSection(ExtensibilityGlobals) = postSolution
		SolutionGuid = {AF872347-186C-4603-9390-16401ECA1C07}
	EndGlobalSection
EndGlobal
